
Microsoft Visual Studio Solution File, Format Version 12.00
# Visual Studio Version 16
VisualStudioVersion = 16.0.30320.27
MinimumVisualStudioVersion = 10.0.40219.1
Project("{FAE04EC0-301F-11D3-BF4B-00C04F79EFBC}") = "MaxMonitor", "Server Verify\MaxMonitor.csproj", "{9ADE6668-27F5-468C-9E9E-9240816D94F4}"
EndProject
Global
	GlobalSection(SolutionConfigurationPlatforms) = preSolution
		Debug|Any CPU = Debug|Any CPU
		Release|Any CPU = Release|Any CPU
	EndGlobalSection
	GlobalSection(ProjectConfigurationPlatforms) = postSolution
		{9ADE6668-27F5-468C-9E9E-9240816D94F4}.Debug|Any CPU.ActiveCfg = Debug|Any CPU
		{9ADE6668-27F5-468C-9E9E-9240816D94F4}.Debug|Any CPU.Build.0 = Debug|Any CPU
		{9ADE6668-27F5-468C-9E9E-9240816D94F4}.Release|Any CPU.ActiveCfg = Release|Any CPU
		{9ADE6668-27F5-468C-9E9E-9240816D94F4}.Release|Any CPU.Build.0 = Release|Any CPU
	EndGlobalSection
	GlobalSection(SolutionProperties) = preSolution
		HideSolutionNode = FALSE
	EndGlobalSection
	GlobalSection(ExtensibilityGlobals) = postSolution
		SolutionGuid = {7524E538-BBD2-46EC-8DD5-22659CE1D89D}
	EndGlobalSection
EndGlobal
